{
  "pins" : [
    {
      "identity" : "flatbuffers",
      "kind" : "remoteSourceControl",
      "location" : "https://github.com/mustiikhalil/flatbuffers.git",
      "state" : {
        "revision" : "d1bad799d82545f3ab70e6baa86e714927eb4a84",
        "version" : "0.8.1"
      }
    },
    {
      "identity" : "swift-crypto",
      "kind" : "remoteSourceControl",
      "location" : "https://github.com/apple/swift-crypto.git",
      "state" : {
        "revision" : "60f13f60c4d093691934dc6cfdf5f508ada1f894",
        "version" : "2.6.0"
      }
    },
    {
      "identity" : "uuid-kit",
      "kind" : "remoteSourceControl",
      "location" : "https://github.com/baarde/uuid-kit",
      "state" : {
        "revision" : "db7e05a70ed2fff63f4ecc64ef61f85f999717d2",
        "version" : "0.2.0"
      }
    }
  ],
  "version" : 2
}
